using System;

// Classe base Pessoa
class Pessoa
{
    public string Nome { get; set; }
}

// Classe derivada Aluno que herda de Pessoa
class Aluno : Pessoa
{
    public string Documento { get; set; }
}

class Program
{
    static void Main(string[] args)
    {
        // Criando um objeto Aluno utilizando herança
        Aluno aluno = new Aluno();

        // Solicitando ao usuário que digite o RA
        Console.Write("Digite o seu R.A: ");
        aluno.Documento = Console.ReadLine();

        // Definindo o nome com base no RA
        aluno.Nome = ObterNomePorDocumento(aluno.Documento);

        // Chamando o método para mostrar os detalhes do aluno
        MostrarDetalhesAluno(aluno);

        Console.ReadLine();
    }

    // Método para obter o nome com base no RA
    static string ObterNomePorDocumento(string documento)
    {
        // Lógica para obter o nome associado ao RA (pode ser um dicionário, banco de dados, etc.)
        if (documento == "G530BJ6")
        {
            return "Bruno Gomes Barbosa";
        }
        else
        {
            return "Informação não encontrada";
        }
    }

    // Método para mostrar os detalhes do aluno
    static void MostrarDetalhesAluno(Aluno aluno)
    {
        Console.WriteLine($"Nome: {aluno.Nome}");
        Console.WriteLine($"Documento: {aluno.Documento}");
    }
}
